
Microsoft Visual Studio Solution File, Format Version 12.00
# Visual Studio Version 16
VisualStudioVersion = 16.0.29509.3
MinimumVisualStudioVersion = 10.0.40219.1
Project("{F2A71F9B-5D33-465A-A702-920D77279786}") = "trafc", "trafc\trafc.fsproj", "{0C0EDE5D-7600-4999-A2E8-26917C694788}"
EndProject
Global
	GlobalSection(SolutionConfigurationPlatforms) = preSolution
		Debug|Any CPU = Debug|Any CPU
		Release|Any CPU = Release|Any CPU
	EndGlobalSection
	GlobalSection(ProjectConfigurationPlatforms) = postSolution
		{0C0EDE5D-7600-4999-A2E8-26917C694788}.Debug|Any CPU.ActiveCfg = Debug|Any CPU
		{0C0EDE5D-7600-4999-A2E8-26917C694788}.Debug|Any CPU.Build.0 = Debug|Any CPU
		{0C0EDE5D-7600-4999-A2E8-26917C694788}.Release|Any CPU.ActiveCfg = Release|Any CPU
		{0C0EDE5D-7600-4999-A2E8-26917C694788}.Release|Any CPU.Build.0 = Release|Any CPU
	EndGlobalSection
	GlobalSection(SolutionProperties) = preSolution
		HideSolutionNode = FALSE
	EndGlobalSection
	GlobalSection(ExtensibilityGlobals) = postSolution
		SolutionGuid = {D56555F8-48C9-46D9-AD4A-E83CCF6FBDDA}
	EndGlobalSection
EndGlobal
