
Microsoft Visual Studio Solution File, Format Version 12.00
# Visual Studio Version 16
VisualStudioVersion = 16.0.29509.3
MinimumVisualStudioVersion = 10.0.40219.1
Project("{6EC3EE1D-3C4E-46DD-8F32-0CC8E7565705}") = "trafc", "trafc\trafc.fsproj", "{0C0EDE5D-7600-4999-A2E8-26917C694788}"
EndProject
Project("{6EC3EE1D-3C4E-46DD-8F32-0CC8E7565705}") = "trafc.Tests", "trafc.Tests\trafc.Tests.fsproj", "{DFE52023-1D4B-4FF8-8547-72399B068AD8}"
EndProject
Global
	GlobalSection(SolutionConfigurationPlatforms) = preSolution
		Debug|Any CPU = Debug|Any CPU
		Release|Any CPU = Release|Any CPU
	EndGlobalSection
	GlobalSection(ProjectConfigurationPlatforms) = postSolution
		{0C0EDE5D-7600-4999-A2E8-26917C694788}.Debug|Any CPU.ActiveCfg = Debug|Any CPU
		{0C0EDE5D-7600-4999-A2E8-26917C694788}.Debug|Any CPU.Build.0 = Debug|Any CPU
		{0C0EDE5D-7600-4999-A2E8-26917C694788}.Release|Any CPU.ActiveCfg = Release|Any CPU
		{0C0EDE5D-7600-4999-A2E8-26917C694788}.Release|Any CPU.Build.0 = Release|Any CPU
		{DFE52023-1D4B-4FF8-8547-72399B068AD8}.Debug|Any CPU.ActiveCfg = Debug|Any CPU
		{DFE52023-1D4B-4FF8-8547-72399B068AD8}.Debug|Any CPU.Build.0 = Debug|Any CPU
		{DFE52023-1D4B-4FF8-8547-72399B068AD8}.Release|Any CPU.ActiveCfg = Release|Any CPU
		{DFE52023-1D4B-4FF8-8547-72399B068AD8}.Release|Any CPU.Build.0 = Release|Any CPU
	EndGlobalSection
	GlobalSection(SolutionProperties) = preSolution
		HideSolutionNode = FALSE
	EndGlobalSection
	GlobalSection(ExtensibilityGlobals) = postSolution
		SolutionGuid = {D56555F8-48C9-46D9-AD4A-E83CCF6FBDDA}
	EndGlobalSection
EndGlobal
